
Microsoft Visual Studio Solution File, Format Version 12.00
# Visual Studio Version 17
VisualStudioVersion = 17.6.33829.357
MinimumVisualStudioVersion = 10.0.40219.1
Project("{9A19103F-16F7-4668-BE54-9A1E7A4F7556}") = "Modelos", "PV.Modelos\Modelos.csproj", "{8CA54F4B-32EC-4A26-8AF6-1594059459A6}"
EndProject
Project("{9A19103F-16F7-4668-BE54-9A1E7A4F7556}") = "Datos", "PV.Datos\Datos.csproj", "{94CC7881-784F-4FA9-88E1-366F74347FBF}"
EndProject
Project("{9A19103F-16F7-4668-BE54-9A1E7A4F7556}") = "Negocio", "PV.Negocio\Negocio.csproj", "{38DDBDCC-5E48-4C13-9E95-CA3CC4917177}"
EndProject
Project("{9A19103F-16F7-4668-BE54-9A1E7A4F7556}") = "PV_Presentacion_Web", "PV_Presentacion_Web\PV_Presentacion_Web.csproj", "{79ACAF1C-5858-4868-9904-2EB48AE89947}"
EndProject
Project("{FAE04EC0-301F-11D3-BF4B-00C04F79EFBC}") = "PV_Presentacion_Desktop", "PV_Presentacion_Desktop\PV_Presentacion_Desktop.csproj", "{5664A9BB-9384-4120-A5BA-9B0A3BCA4C4B}"
EndProject
Global
	GlobalSection(SolutionConfigurationPlatforms) = preSolution
		Debug|Any CPU = Debug|Any CPU
		Release|Any CPU = Release|Any CPU
	EndGlobalSection
	GlobalSection(ProjectConfigurationPlatforms) = postSolution
		{8CA54F4B-32EC-4A26-8AF6-1594059459A6}.Debug|Any CPU.ActiveCfg = Debug|Any CPU
		{8CA54F4B-32EC-4A26-8AF6-1594059459A6}.Debug|Any CPU.Build.0 = Debug|Any CPU
		{8CA54F4B-32EC-4A26-8AF6-1594059459A6}.Release|Any CPU.ActiveCfg = Release|Any CPU
		{8CA54F4B-32EC-4A26-8AF6-1594059459A6}.Release|Any CPU.Build.0 = Release|Any CPU
		{94CC7881-784F-4FA9-88E1-366F74347FBF}.Debug|Any CPU.ActiveCfg = Debug|Any CPU
		{94CC7881-784F-4FA9-88E1-366F74347FBF}.Debug|Any CPU.Build.0 = Debug|Any CPU
		{94CC7881-784F-4FA9-88E1-366F74347FBF}.Release|Any CPU.ActiveCfg = Release|Any CPU
		{94CC7881-784F-4FA9-88E1-366F74347FBF}.Release|Any CPU.Build.0 = Release|Any CPU
		{38DDBDCC-5E48-4C13-9E95-CA3CC4917177}.Debug|Any CPU.ActiveCfg = Debug|Any CPU
		{38DDBDCC-5E48-4C13-9E95-CA3CC4917177}.Debug|Any CPU.Build.0 = Debug|Any CPU
		{38DDBDCC-5E48-4C13-9E95-CA3CC4917177}.Release|Any CPU.ActiveCfg = Release|Any CPU
		{38DDBDCC-5E48-4C13-9E95-CA3CC4917177}.Release|Any CPU.Build.0 = Release|Any CPU
		{79ACAF1C-5858-4868-9904-2EB48AE89947}.Debug|Any CPU.ActiveCfg = Debug|Any CPU
		{79ACAF1C-5858-4868-9904-2EB48AE89947}.Debug|Any CPU.Build.0 = Debug|Any CPU
		{79ACAF1C-5858-4868-9904-2EB48AE89947}.Release|Any CPU.ActiveCfg = Release|Any CPU
		{79ACAF1C-5858-4868-9904-2EB48AE89947}.Release|Any CPU.Build.0 = Release|Any CPU
		{5664A9BB-9384-4120-A5BA-9B0A3BCA4C4B}.Debug|Any CPU.ActiveCfg = Debug|Any CPU
		{5664A9BB-9384-4120-A5BA-9B0A3BCA4C4B}.Debug|Any CPU.Build.0 = Debug|Any CPU
		{5664A9BB-9384-4120-A5BA-9B0A3BCA4C4B}.Release|Any CPU.ActiveCfg = Release|Any CPU
		{5664A9BB-9384-4120-A5BA-9B0A3BCA4C4B}.Release|Any CPU.Build.0 = Release|Any CPU
	EndGlobalSection
	GlobalSection(SolutionProperties) = preSolution
		HideSolutionNode = FALSE
	EndGlobalSection
	GlobalSection(ExtensibilityGlobals) = postSolution
		SolutionGuid = {3F5BBD36-2B73-410C-8473-D7D5AD6809C6}
	EndGlobalSection
EndGlobal
